
Microsoft Visual Studio Solution File, Format Version 12.00
# Visual Studio Version 17
VisualStudioVersion = 17.3.32929.385
MinimumVisualStudioVersion = 10.0.40219.1
Project("{9A19103F-16F7-4668-BE54-9A1E7A4F7556}") = "HospitalProject", "HospitalProject\HospitalProject.csproj", "{23AD207B-FC7D-4BB0-9029-E934EB213B0F}"
EndProject
Project("{9A19103F-16F7-4668-BE54-9A1E7A4F7556}") = "DAL", "DAL\DAL.csproj", "{5B261FE6-63D6-4F83-9FF0-8C1EF386E82F}"
EndProject
Project("{9A19103F-16F7-4668-BE54-9A1E7A4F7556}") = "BL", "BL\BL.csproj", "{E57B5473-0836-44AD-B0C0-9A6B57B6088C}"
EndProject
Project("{9A19103F-16F7-4668-BE54-9A1E7A4F7556}") = "OL", "OL\OL.csproj", "{AFB95A78-E3A0-42DB-82C7-03FB243C7E35}"
EndProject
Project("{9A19103F-16F7-4668-BE54-9A1E7A4F7556}") = "DTOs", "DTOs\DTOs.csproj", "{924E0062-77A3-4E1E-86AB-DE3DBFDD0563}"
EndProject
Project("{9A19103F-16F7-4668-BE54-9A1E7A4F7556}") = "Common", "Common\Common.csproj", "{B4CB0D03-888A-4CFC-905D-9A7E9F501FB1}"
EndProject
Project("{54435603-DBB4-11D2-8724-00A0C9A8B90C}") = "Hasta Randevu Sistemi", "Hasta Randevu Sistemi\Hasta Randevu Sistemi.vdproj", "{9AFDCBDF-9C34-446C-8B96-ACEF8E79019D}"
EndProject
Global
	GlobalSection(SolutionConfigurationPlatforms) = preSolution
		Debug|Any CPU = Debug|Any CPU
		Release|Any CPU = Release|Any CPU
	EndGlobalSection
	GlobalSection(ProjectConfigurationPlatforms) = postSolution
		{23AD207B-FC7D-4BB0-9029-E934EB213B0F}.Debug|Any CPU.ActiveCfg = Debug|Any CPU
		{23AD207B-FC7D-4BB0-9029-E934EB213B0F}.Debug|Any CPU.Build.0 = Debug|Any CPU
		{23AD207B-FC7D-4BB0-9029-E934EB213B0F}.Release|Any CPU.ActiveCfg = Release|Any CPU
		{23AD207B-FC7D-4BB0-9029-E934EB213B0F}.Release|Any CPU.Build.0 = Release|Any CPU
		{5B261FE6-63D6-4F83-9FF0-8C1EF386E82F}.Debug|Any CPU.ActiveCfg = Debug|Any CPU
		{5B261FE6-63D6-4F83-9FF0-8C1EF386E82F}.Debug|Any CPU.Build.0 = Debug|Any CPU
		{5B261FE6-63D6-4F83-9FF0-8C1EF386E82F}.Release|Any CPU.ActiveCfg = Release|Any CPU
		{5B261FE6-63D6-4F83-9FF0-8C1EF386E82F}.Release|Any CPU.Build.0 = Release|Any CPU
		{E57B5473-0836-44AD-B0C0-9A6B57B6088C}.Debug|Any CPU.ActiveCfg = Debug|Any CPU
		{E57B5473-0836-44AD-B0C0-9A6B57B6088C}.Debug|Any CPU.Build.0 = Debug|Any CPU
		{E57B5473-0836-44AD-B0C0-9A6B57B6088C}.Release|Any CPU.ActiveCfg = Release|Any CPU
		{E57B5473-0836-44AD-B0C0-9A6B57B6088C}.Release|Any CPU.Build.0 = Release|Any CPU
		{AFB95A78-E3A0-42DB-82C7-03FB243C7E35}.Debug|Any CPU.ActiveCfg = Debug|Any CPU
		{AFB95A78-E3A0-42DB-82C7-03FB243C7E35}.Debug|Any CPU.Build.0 = Debug|Any CPU
		{AFB95A78-E3A0-42DB-82C7-03FB243C7E35}.Release|Any CPU.ActiveCfg = Release|Any CPU
		{AFB95A78-E3A0-42DB-82C7-03FB243C7E35}.Release|Any CPU.Build.0 = Release|Any CPU
		{924E0062-77A3-4E1E-86AB-DE3DBFDD0563}.Debug|Any CPU.ActiveCfg = Debug|Any CPU
		{924E0062-77A3-4E1E-86AB-DE3DBFDD0563}.Debug|Any CPU.Build.0 = Debug|Any CPU
		{924E0062-77A3-4E1E-86AB-DE3DBFDD0563}.Release|Any CPU.ActiveCfg = Release|Any CPU
		{924E0062-77A3-4E1E-86AB-DE3DBFDD0563}.Release|Any CPU.Build.0 = Release|Any CPU
		{B4CB0D03-888A-4CFC-905D-9A7E9F501FB1}.Debug|Any CPU.ActiveCfg = Debug|Any CPU
		{B4CB0D03-888A-4CFC-905D-9A7E9F501FB1}.Debug|Any CPU.Build.0 = Debug|Any CPU
		{B4CB0D03-888A-4CFC-905D-9A7E9F501FB1}.Release|Any CPU.ActiveCfg = Release|Any CPU
		{B4CB0D03-888A-4CFC-905D-9A7E9F501FB1}.Release|Any CPU.Build.0 = Release|Any CPU
		{9AFDCBDF-9C34-446C-8B96-ACEF8E79019D}.Debug|Any CPU.ActiveCfg = Debug
		{9AFDCBDF-9C34-446C-8B96-ACEF8E79019D}.Release|Any CPU.ActiveCfg = Release
	EndGlobalSection
	GlobalSection(SolutionProperties) = preSolution
		HideSolutionNode = FALSE
	EndGlobalSection
	GlobalSection(ExtensibilityGlobals) = postSolution
		SolutionGuid = {2C90E031-D7D9-4E74-AF20-010725351CA4}
	EndGlobalSection
EndGlobal
